
Microsoft Visual Studio Solution File, Format Version 12.00
# Visual Studio Version 17
VisualStudioVersion = 17.4.33122.133
MinimumVisualStudioVersion = 10.0.40219.1
Project("{9A19103F-16F7-4668-BE54-9A1E7A4F7556}") = "DataAccess", "DataAccess\DataAccess.csproj", "{60A9A578-4D22-4254-91D1-836E15B55F1C}"
EndProject
Project("{9A19103F-16F7-4668-BE54-9A1E7A4F7556}") = "BusinessObject", "BusinessObject\BusinessObject.csproj", "{C0D35284-9565-4722-8EF7-25539F8F6674}"
EndProject
Project("{9A19103F-16F7-4668-BE54-9A1E7A4F7556}") = "SalesWPFApp", "SalesWPFApp\SalesWPFApp.csproj", "{066F4047-5FB2-45C8-9180-BD52F75656B9}"
EndProject
Global
	GlobalSection(SolutionConfigurationPlatforms) = preSolution
		Debug|Any CPU = Debug|Any CPU
		Release|Any CPU = Release|Any CPU
	EndGlobalSection
	GlobalSection(ProjectConfigurationPlatforms) = postSolution
		{60A9A578-4D22-4254-91D1-836E15B55F1C}.Debug|Any CPU.ActiveCfg = Debug|Any CPU
		{60A9A578-4D22-4254-91D1-836E15B55F1C}.Debug|Any CPU.Build.0 = Debug|Any CPU
		{60A9A578-4D22-4254-91D1-836E15B55F1C}.Release|Any CPU.ActiveCfg = Release|Any CPU
		{60A9A578-4D22-4254-91D1-836E15B55F1C}.Release|Any CPU.Build.0 = Release|Any CPU
		{C0D35284-9565-4722-8EF7-25539F8F6674}.Debug|Any CPU.ActiveCfg = Debug|Any CPU
		{C0D35284-9565-4722-8EF7-25539F8F6674}.Debug|Any CPU.Build.0 = Debug|Any CPU
		{C0D35284-9565-4722-8EF7-25539F8F6674}.Release|Any CPU.ActiveCfg = Release|Any CPU
		{C0D35284-9565-4722-8EF7-25539F8F6674}.Release|Any CPU.Build.0 = Release|Any CPU
		{066F4047-5FB2-45C8-9180-BD52F75656B9}.Debug|Any CPU.ActiveCfg = Debug|Any CPU
		{066F4047-5FB2-45C8-9180-BD52F75656B9}.Debug|Any CPU.Build.0 = Debug|Any CPU
		{066F4047-5FB2-45C8-9180-BD52F75656B9}.Release|Any CPU.ActiveCfg = Release|Any CPU
		{066F4047-5FB2-45C8-9180-BD52F75656B9}.Release|Any CPU.Build.0 = Release|Any CPU
	EndGlobalSection
	GlobalSection(SolutionProperties) = preSolution
		HideSolutionNode = FALSE
	EndGlobalSection
	GlobalSection(ExtensibilityGlobals) = postSolution
		SolutionGuid = {3923BD53-CE68-4CEB-B2DB-7D5DEFE278FF}
	EndGlobalSection
EndGlobal
